// !$*UTF8*$!
{
	archiveVersion = 1;
	classes = {
	};
	objectVersion = 46;
	objects = {

/* Begin PBXBuildFile section */
		2A0A65721C33DA7900BBA955 /* main.m in Sources */ = {isa = PBXBuildFile; fileRef = 2A0A65711C33DA7900BBA955 /* main.m */; };
		2A0A65751C33DA7900BBA955 /* AppDelegate.m in Sources */ = {isa = PBXBuildFile; fileRef = 2A0A65741C33DA7900BBA955 /* AppDelegate.m */; };
		2A0A65781C33DA7900BBA955 /* FirstViewController.m in Sources */ = {isa = PBXBuildFile; fileRef = 2A0A65771C33DA7900BBA955 /* FirstViewController.m */; };
		2A0A657D1C33DA7900BBA955 /* Assets.xcassets in Resources */ = {isa = PBXBuildFile; fileRef = 2A0A657C1C33DA7900BBA955 /* Assets.xcassets */; };
		2A0A658B1C33DA7A00BBA955 /* TestOneDemoTests.m in Sources */ = {isa = PBXBuildFile; fileRef = 2A0A658A1C33DA7A00BBA955 /* TestOneDemoTests.m */; };
		2A0A65961C33DA7A00BBA955 /* TestOneDemoUITests.m in Sources */ = {isa = PBXBuildFile; fileRef = 2A0A65951C33DA7A00BBA955 /* TestOneDemoUITests.m */; };
		2A0C2A581C915A0D00159473 /* MianViewController.m in Sources */ = {isa = PBXBuildFile; fileRef = 2A0C2A571C915A0D00159473 /* MianViewController.m */; };
		2A0C2A5A1C915EA100159473 /* TwoViewController.swift in Sources */ = {isa = PBXBuildFile; fileRef = 2A0C2A591C915EA100159473 /* TwoViewController.swift */; };
		2AA5881C1CBDF28F0013DE51 /* TextfieldViewController.m in Sources */ = {isa = PBXBuildFile; fileRef = 2AA5881B1CBDF28F0013DE51 /* TextfieldViewController.m */; };
		2AB29C7F1CBF35680058F95F /* LoginInputView.m in Sources */ = {isa = PBXBuildFile; fileRef = 2AB29C7C1CBF35680058F95F /* LoginInputView.m */; };
		2AB29C801CBF35680058F95F /* CheckResultView.m in Sources */ = {isa = PBXBuildFile; fileRef = 2AB29C7E1CBF35680058F95F /* CheckResultView.m */; };
		2AB29C861CBF3B030058F95F /* UIColor+Hex.m in Sources */ = {isa = PBXBuildFile; fileRef = 2AB29C851CBF3B030058F95F /* UIColor+Hex.m */; };
		2AB29C891CBF3E1F0058F95F /* CommonFunc.m in Sources */ = {isa = PBXBuildFile; fileRef = 2AB29C881CBF3E1F0058F95F /* CommonFunc.m */; };
		2AB29C8F1CC7694C0058F95F /* MyTableViewController.m in Sources */ = {isa = PBXBuildFile; fileRef = 2AB29C8E1CC7694C0058F95F /* MyTableViewController.m */; };
		2ABD2B391C97E4390066ACA5 /* TouchIDViewController.m in Sources */ = {isa = PBXBuildFile; fileRef = 2ABD2B381C97E4390066ACA5 /* TouchIDViewController.m */; };
		2ABD2B3D1C98F03D0066ACA5 /* LocalAuthentication.framework in Frameworks */ = {isa = PBXBuildFile; fileRef = 2ABD2B3C1C98F03D0066ACA5 /* LocalAuthentication.framework */; };
		2AE0938B1C9FF78200457301 /* TestTextField.m in Sources */ = {isa = PBXBuildFile; fileRef = 2AE0938A1C9FF78200457301 /* TestTextField.m */; };
		B10303A41D40BB3C00BF56C4 /* ScrollViewLayout.swift in Sources */ = {isa = PBXBuildFile; fileRef = B10303A31D40BB3C00BF56C4 /* ScrollViewLayout.swift */; };
		DB12FE654F21AA9049862FD7 /* Pods_TestOneDemo.framework in Frameworks */ = {isa = PBXBuildFile; fileRef = 5DC5796A7E9B2DAD422A3A81 /* Pods_TestOneDemo.framework */; };
/* End PBXBuildFile section */

/* Begin PBXContainerItemProxy section */
		2A0A65871C33DA7A00BBA955 /* PBXContainerItemProxy */ = {
			isa = PBXContainerItemProxy;
			containerPortal = 2A0A65651C33DA7900BBA955 /* Project object */;
			proxyType = 1;
			remoteGlobalIDString = 2A0A656C1C33DA7900BBA955;
			remoteInfo = TestOneDemo;
		};
		2A0A65921C33DA7A00BBA955 /* PBXContainerItemProxy */ = {
			isa = PBXContainerItemProxy;
			containerPortal = 2A0A65651C33DA7900BBA955 /* Project object */;
			proxyType = 1;
			remoteGlobalIDString = 2A0A656C1C33DA7900BBA955;
			remoteInfo = TestOneDemo;
		};
/* End PBXContainerItemProxy section */

/* Begin PBXFileReference section */
		2A0A4E1E1C843EC300959812 /* TestOneDemo-Bridging-Header.h */ = {isa = PBXFileReference; lastKnownFileType = sourcecode.c.h; path = "TestOneDemo-Bridging-Header.h"; sourceTree = "<group>"; };
		2A0A656D1C33DA7900BBA955 /* TestOneDemo.app */ = {isa = PBXFileReference; explicitFileType = wrapper.application; includeInIndex = 0; path = TestOneDemo.app; sourceTree = BUILT_PRODUCTS_DIR; };
		2A0A65711C33DA7900BBA955 /* main.m */ = {isa = PBXFileReference; lastKnownFileType = sourcecode.c.objc; path = main.m; sourceTree = "<group>"; };
		2A0A65731C33DA7900BBA955 /* AppDelegate.h */ = {isa = PBXFileReference; lastKnownFileType = sourcecode.c.h; path = AppDelegate.h; sourceTree = "<group>"; };
		2A0A65741C33DA7900BBA955 /* AppDelegate.m */ = {isa = PBXFileReference; lastKnownFileType = sourcecode.c.objc; path = AppDelegate.m; sourceTree = "<group>"; };
		2A0A65761C33DA7900BBA955 /* FirstViewController.h */ = {isa = PBXFileReference; lastKnownFileType = sourcecode.c.h; path = FirstViewController.h; sourceTree = "<group>"; };
		2A0A65771C33DA7900BBA955 /* FirstViewController.m */ = {isa = PBXFileReference; lastKnownFileType = sourcecode.c.objc; path = FirstViewController.m; sourceTree = "<group>"; };
		2A0A657C1C33DA7900BBA955 /* Assets.xcassets */ = {isa = PBXFileReference; lastKnownFileType = folder.assetcatalog; path = Assets.xcassets; sourceTree = "<group>"; };
		2A0A65811C33DA7A00BBA955 /* Info.plist */ = {isa = PBXFileReference; lastKnownFileType = text.plist.xml; path = Info.plist; sourceTree = "<group>"; };
		2A0A65861C33DA7A00BBA955 /* TestOneDemoTests.xctest */ = {isa = PBXFileReference; explicitFileType = wrapper.cfbundle; includeInIndex = 0; path = TestOneDemoTests.xctest; sourceTree = BUILT_PRODUCTS_DIR; };
		2A0A658A1C33DA7A00BBA955 /* TestOneDemoTests.m */ = {isa = PBXFileReference; lastKnownFileType = sourcecode.c.objc; path = TestOneDemoTests.m; sourceTree = "<group>"; };
		2A0A658C1C33DA7A00BBA955 /* Info.plist */ = {isa = PBXFileReference; lastKnownFileType = text.plist.xml; path = Info.plist; sourceTree = "<group>"; };
		2A0A65911C33DA7A00BBA955 /* TestOneDemoUITests.xctest */ = {isa = PBXFileReference; explicitFileType = wrapper.cfbundle; includeInIndex = 0; path = TestOneDemoUITests.xctest; sourceTree = BUILT_PRODUCTS_DIR; };
		2A0A65951C33DA7A00BBA955 /* TestOneDemoUITests.m */ = {isa = PBXFileReference; lastKnownFileType = sourcecode.c.objc; path = TestOneDemoUITests.m; sourceTree = "<group>"; };
		2A0A65971C33DA7A00BBA955 /* Info.plist */ = {isa = PBXFileReference; lastKnownFileType = text.plist.xml; path = Info.plist; sourceTree = "<group>"; };
		2A0C2A561C915A0D00159473 /* MianViewController.h */ = {isa = PBXFileReference; fileEncoding = 4; lastKnownFileType = sourcecode.c.h; path = MianViewController.h; sourceTree = "<group>"; };
		2A0C2A571C915A0D00159473 /* MianViewController.m */ = {isa = PBXFileReference; fileEncoding = 4; lastKnownFileType = sourcecode.c.objc; path = MianViewController.m; sourceTree = "<group>"; };
		2A0C2A591C915EA100159473 /* TwoViewController.swift */ = {isa = PBXFileReference; fileEncoding = 4; lastKnownFileType = sourcecode.swift; path = TwoViewController.swift; sourceTree = "<group>"; };
		2AA5881A1CBDF28F0013DE51 /* TextfieldViewController.h */ = {isa = PBXFileReference; fileEncoding = 4; lastKnownFileType = sourcecode.c.h; path = TextfieldViewController.h; sourceTree = "<group>"; };
		2AA5881B1CBDF28F0013DE51 /* TextfieldViewController.m */ = {isa = PBXFileReference; fileEncoding = 4; lastKnownFileType = sourcecode.c.objc; path = TextfieldViewController.m; sourceTree = "<group>"; };
		2AB29C7B1CBF35680058F95F /* LoginInputView.h */ = {isa = PBXFileReference; fileEncoding = 4; lastKnownFileType = sourcecode.c.h; path = LoginInputView.h; sourceTree = "<group>"; };
		2AB29C7C1CBF35680058F95F /* LoginInputView.m */ = {isa = PBXFileReference; fileEncoding = 4; lastKnownFileType = sourcecode.c.objc; path = LoginInputView.m; sourceTree = "<group>"; };
		2AB29C7D1CBF35680058F95F /* CheckResultView.h */ = {isa = PBXFileReference; fileEncoding = 4; lastKnownFileType = sourcecode.c.h; path = CheckResultView.h; sourceTree = "<group>"; };
		2AB29C7E1CBF35680058F95F /* CheckResultView.m */ = {isa = PBXFileReference; fileEncoding = 4; lastKnownFileType = sourcecode.c.objc; path = CheckResultView.m; sourceTree = "<group>"; };
		2AB29C841CBF3B030058F95F /* UIColor+Hex.h */ = {isa = PBXFileReference; fileEncoding = 4; lastKnownFileType = sourcecode.c.h; path = "UIColor+Hex.h"; sourceTree = "<group>"; };
		2AB29C851CBF3B030058F95F /* UIColor+Hex.m */ = {isa = PBXFileReference; fileEncoding = 4; lastKnownFileType = sourcecode.c.objc; path = "UIColor+Hex.m"; sourceTree = "<group>"; };
		2AB29C871CBF3E1F0058F95F /* CommonFunc.h */ = {isa = PBXFileReference; fileEncoding = 4; lastKnownFileType = sourcecode.c.h; path = CommonFunc.h; sourceTree = "<group>"; };
		2AB29C881CBF3E1F0058F95F /* CommonFunc.m */ = {isa = PBXFileReference; fileEncoding = 4; lastKnownFileType = sourcecode.c.objc; path = CommonFunc.m; sourceTree = "<group>"; };
		2AB29C8D1CC7694C0058F95F /* MyTableViewController.h */ = {isa = PBXFileReference; fileEncoding = 4; lastKnownFileType = sourcecode.c.h; path = MyTableViewController.h; sourceTree = "<group>"; };
		2AB29C8E1CC7694C0058F95F /* MyTableViewController.m */ = {isa = PBXFileReference; fileEncoding = 4; lastKnownFileType = sourcecode.c.objc; path = MyTableViewController.m; sourceTree = "<group>"; };
		2ABD2B371C97E4390066ACA5 /* TouchIDViewController.h */ = {isa = PBXFileReference; fileEncoding = 4; lastKnownFileType = sourcecode.c.h; path = TouchIDViewController.h; sourceTree = "<group>"; };
		2ABD2B381C97E4390066ACA5 /* TouchIDViewController.m */ = {isa = PBXFileReference; fileEncoding = 4; lastKnownFileType = sourcecode.c.objc; path = TouchIDViewController.m; sourceTree = "<group>"; };
		2ABD2B3C1C98F03D0066ACA5 /* LocalAuthentication.framework */ = {isa = PBXFileReference; lastKnownFileType = wrapper.framework; name = LocalAuthentication.framework; path = System/Library/Frameworks/LocalAuthentication.framework; sourceTree = SDKROOT; };
		2AE093891C9FF78200457301 /* TestTextField.h */ = {isa = PBXFileReference; fileEncoding = 4; lastKnownFileType = sourcecode.c.h; path = TestTextField.h; sourceTree = "<group>"; };
		2AE0938A1C9FF78200457301 /* TestTextField.m */ = {isa = PBXFileReference; fileEncoding = 4; lastKnownFileType = sourcecode.c.objc; path = TestTextField.m; sourceTree = "<group>"; };
		361E5E4B1077AE0C28387DDD /* Pods-TestOneDemo.debug.xcconfig */ = {isa = PBXFileReference; includeInIndex = 1; lastKnownFileType = text.xcconfig; name = "Pods-TestOneDemo.debug.xcconfig"; path = "Pods/Target Support Files/Pods-TestOneDemo/Pods-TestOneDemo.debug.xcconfig"; sourceTree = "<group>"; };
		5DC5796A7E9B2DAD422A3A81 /* Pods_TestOneDemo.framework */ = {isa = PBXFileReference; explicitFileType = wrapper.framework; includeInIndex = 0; path = Pods_TestOneDemo.framework; sourceTree = BUILT_PRODUCTS_DIR; };
		AA51DAD0854D6C97D01D006D /* Pods-TestOneDemo.release.xcconfig */ = {isa = PBXFileReference; includeInIndex = 1; lastKnownFileType = text.xcconfig; name = "Pods-TestOneDemo.release.xcconfig"; path = "Pods/Target Support Files/Pods-TestOneDemo/Pods-TestOneDemo.release.xcconfig"; sourceTree = "<group>"; };
		B10303A31D40BB3C00BF56C4 /* ScrollViewLayout.swift */ = {isa = PBXFileReference; fileEncoding = 4; lastKnownFileType = sourcecode.swift; path = ScrollViewLayout.swift; sourceTree = "<group>"; };
		B19D35B51D40AC79002D1124 /* MyPlayground1.playground */ = {isa = PBXFileReference; lastKnownFileType = file.playground; name = MyPlayground1.playground; path = ../../MyPlayground1.playground; sourceTree = "<group>"; };
/* End PBXFileReference section */

/* Begin PBXFrameworksBuildPhase section */
		2A0A656A1C33DA7900BBA955 /* Frameworks */ = {
			isa = PBXFrameworksBuildPhase;
			buildActionMask = 2147483647;
			files = (
				2ABD2B3D1C98F03D0066ACA5 /* LocalAuthentication.framework in Frameworks */,
				DB12FE654F21AA9049862FD7 /* Pods_TestOneDemo.framework in Frameworks */,
			);
			runOnlyForDeploymentPostprocessing = 0;
		};
		2A0A65831C33DA7A00BBA955 /* Frameworks */ = {
			isa = PBXFrameworksBuildPhase;
			buildActionMask = 2147483647;
			files = (
			);
			runOnlyForDeploymentPostprocessing = 0;
		};
		2A0A658E1C33DA7A00BBA955 /* Frameworks */ = {
			isa = PBXFrameworksBuildPhase;
			buildActionMask = 2147483647;
			files = (
			);
			runOnlyForDeploymentPostprocessing = 0;
		};
/* End PBXFrameworksBuildPhase section */

/* Begin PBXGroup section */
		2A0A65641C33DA7900BBA955 = {
			isa = PBXGroup;
			children = (
				2A0A656F1C33DA7900BBA955 /* TestOneDemo */,
				2A0A65891C33DA7A00BBA955 /* TestOneDemoTests */,
				2A0A65941C33DA7A00BBA955 /* TestOneDemoUITests */,
				2A0A656E1C33DA7900BBA955 /* Products */,
				461770AECA4100740890AC8F /* Frameworks */,
				8C9A347FCCDC7C4EC9238CE3 /* Pods */,
			);
			sourceTree = "<group>";
		};
		2A0A656E1C33DA7900BBA955 /* Products */ = {
			isa = PBXGroup;
			children = (
				2A0A656D1C33DA7900BBA955 /* TestOneDemo.app */,
				2A0A65861C33DA7A00BBA955 /* TestOneDemoTests.xctest */,
				2A0A65911C33DA7A00BBA955 /* TestOneDemoUITests.xctest */,
			);
			name = Products;
			sourceTree = "<group>";
		};
		2A0A656F1C33DA7900BBA955 /* TestOneDemo */ = {
			isa = PBXGroup;
			children = (
				2A0A65731C33DA7900BBA955 /* AppDelegate.h */,
				2A0A65741C33DA7900BBA955 /* AppDelegate.m */,
				2A0C2A561C915A0D00159473 /* MianViewController.h */,
				2A0C2A571C915A0D00159473 /* MianViewController.m */,
				2A0A65761C33DA7900BBA955 /* FirstViewController.h */,
				2A0A65771C33DA7900BBA955 /* FirstViewController.m */,
				2AE093891C9FF78200457301 /* TestTextField.h */,
				2AE0938A1C9FF78200457301 /* TestTextField.m */,
				2A0C2A591C915EA100159473 /* TwoViewController.swift */,
				B10303A31D40BB3C00BF56C4 /* ScrollViewLayout.swift */,
				2ABD2B371C97E4390066ACA5 /* TouchIDViewController.h */,
				2ABD2B381C97E4390066ACA5 /* TouchIDViewController.m */,
				2AA5881A1CBDF28F0013DE51 /* TextfieldViewController.h */,
				2AA5881B1CBDF28F0013DE51 /* TextfieldViewController.m */,
				2AB29C8D1CC7694C0058F95F /* MyTableViewController.h */,
				2AB29C8E1CC7694C0058F95F /* MyTableViewController.m */,
				2AB29C7B1CBF35680058F95F /* LoginInputView.h */,
				2AB29C7C1CBF35680058F95F /* LoginInputView.m */,
				2AB29C7D1CBF35680058F95F /* CheckResultView.h */,
				2AB29C7E1CBF35680058F95F /* CheckResultView.m */,
				2AB29C841CBF3B030058F95F /* UIColor+Hex.h */,
				2AB29C851CBF3B030058F95F /* UIColor+Hex.m */,
				2AB29C871CBF3E1F0058F95F /* CommonFunc.h */,
				2AB29C881CBF3E1F0058F95F /* CommonFunc.m */,
				B19D35B41D40AC47002D1124 /* playground */,
				2A0A657C1C33DA7900BBA955 /* Assets.xcassets */,
				2A0A65811C33DA7A00BBA955 /* Info.plist */,
				2A0A65701C33DA7900BBA955 /* Supporting Files */,
				2A0A4E1E1C843EC300959812 /* TestOneDemo-Bridging-Header.h */,
			);
			path = TestOneDemo;
			sourceTree = "<group>";
		};
		2A0A65701C33DA7900BBA955 /* Supporting Files */ = {
			isa = PBXGroup;
			children = (
				2A0A65711C33DA7900BBA955 /* main.m */,
			);
			name = "Supporting Files";
			sourceTree = "<group>";
		};
		2A0A65891C33DA7A00BBA955 /* TestOneDemoTests */ = {
			isa = PBXGroup;
			children = (
				2A0A658A1C33DA7A00BBA955 /* TestOneDemoTests.m */,
				2A0A658C1C33DA7A00BBA955 /* Info.plist */,
			);
			path = TestOneDemoTests;
			sourceTree = "<group>";
		};
		2A0A65941C33DA7A00BBA955 /* TestOneDemoUITests */ = {
			isa = PBXGroup;
			children = (
				2A0A65951C33DA7A00BBA955 /* TestOneDemoUITests.m */,
				2A0A65971C33DA7A00BBA955 /* Info.plist */,
			);
			path = TestOneDemoUITests;
			sourceTree = "<group>";
		};
		461770AECA4100740890AC8F /* Frameworks */ = {
			isa = PBXGroup;
			children = (
				2ABD2B3C1C98F03D0066ACA5 /* LocalAuthentication.framework */,
				5DC5796A7E9B2DAD422A3A81 /* Pods_TestOneDemo.framework */,
			);
			name = Frameworks;
			sourceTree = "<group>";
		};
		8C9A347FCCDC7C4EC9238CE3 /* Pods */ = {
			isa = PBXGroup;
			children = (
				361E5E4B1077AE0C28387DDD /* Pods-TestOneDemo.debug.xcconfig */,
				AA51DAD0854D6C97D01D006D /* Pods-TestOneDemo.release.xcconfig */,
			);
			name = Pods;
			sourceTree = "<group>";
		};
		B19D35B41D40AC47002D1124 /* playground */ = {
			isa = PBXGroup;
			children = (
				B19D35B51D40AC79002D1124 /* MyPlayground1.playground */,
			);
			name = playground;
			sourceTree = "<group>";
		};
/* End PBXGroup section */

/* Begin PBXNativeTarget section */
		2A0A656C1C33DA7900BBA955 /* TestOneDemo */ = {
			isa = PBXNativeTarget;
			buildConfigurationList = 2A0A659A1C33DA7A00BBA955 /* Build configuration list for PBXNativeTarget "TestOneDemo" */;
			buildPhases = (
				D27C3648F12C571915D28F79 /* [CP] Check Pods Manifest.lock */,
				2A0A65691C33DA7900BBA955 /* Sources */,
				2A0A656A1C33DA7900BBA955 /* Frameworks */,
				2A0A656B1C33DA7900BBA955 /* Resources */,
				9D7784E26425A540FBA1E938 /* [CP] Embed Pods Frameworks */,
				7B774CD91DC6C02109E84394 /* [CP] Copy Pods Resources */,
			);
			buildRules = (
			);
			dependencies = (
			);
			name = TestOneDemo;
			productName = TestOneDemo;
			productReference = 2A0A656D1C33DA7900BBA955 /* TestOneDemo.app */;
			productType = "com.apple.product-type.application";
		};
		2A0A65851C33DA7A00BBA955 /* TestOneDemoTests */ = {
			isa = PBXNativeTarget;
			buildConfigurationList = 2A0A659D1C33DA7A00BBA955 /* Build configuration list for PBXNativeTarget "TestOneDemoTests" */;
			buildPhases = (
				2A0A65821C33DA7A00BBA955 /* Sources */,
				2A0A65831C33DA7A00BBA955 /* Frameworks */,
				2A0A65841C33DA7A00BBA955 /* Resources */,
			);
			buildRules = (
			);
			dependencies = (
				2A0A65881C33DA7A00BBA955 /* PBXTargetDependency */,
			);
			name = TestOneDemoTests;
			productName = TestOneDemoTests;
			productReference = 2A0A65861C33DA7A00BBA955 /* TestOneDemoTests.xctest */;
			productType = "com.apple.product-type.bundle.unit-test";
		};
		2A0A65901C33DA7A00BBA955 /* TestOneDemoUITests */ = {
			isa = PBXNativeTarget;
			buildConfigurationList = 2A0A65A01C33DA7A00BBA955 /* Build configuration list for PBXNativeTarget "TestOneDemoUITests" */;
			buildPhases = (
				2A0A658D1C33DA7A00BBA955 /* Sources */,
				2A0A658E1C33DA7A00BBA955 /* Frameworks */,
				2A0A658F1C33DA7A00BBA955 /* Resources */,
			);
			buildRules = (
			);
			dependencies = (
				2A0A65931C33DA7A00BBA955 /* PBXTargetDependency */,
			);
			name = TestOneDemoUITests;
			productName = TestOneDemoUITests;
			productReference = 2A0A65911C33DA7A00BBA955 /* TestOneDemoUITests.xctest */;
			productType = "com.apple.product-type.bundle.ui-testing";
		};
/* End PBXNativeTarget section */

/* Begin PBXProject section */
		2A0A65651C33DA7900BBA955 /* Project object */ = {
			isa = PBXProject;
			attributes = {
				LastUpgradeCheck = 0720;
				ORGANIZATIONNAME = Phyllis;
				TargetAttributes = {
					2A0A656C1C33DA7900BBA955 = {
						CreatedOnToolsVersion = 7.2;
						DevelopmentTeam = 7KUG64QKWL;
					};
					2A0A65851C33DA7A00BBA955 = {
						CreatedOnToolsVersion = 7.2;
						TestTargetID = 2A0A656C1C33DA7900BBA955;
					};
					2A0A65901C33DA7A00BBA955 = {
						CreatedOnToolsVersion = 7.2;
						TestTargetID = 2A0A656C1C33DA7900BBA955;
					};
				};
			};
			buildConfigurationList = 2A0A65681C33DA7900BBA955 /* Build configuration list for PBXProject "TestOneDemo" */;
			compatibilityVersion = "Xcode 3.2";
			developmentRegion = English;
			hasScannedForEncodings = 0;
			knownRegions = (
				en,
				Base,
			);
			mainGroup = 2A0A65641C33DA7900BBA955;
			productRefGroup = 2A0A656E1C33DA7900BBA955 /* Products */;
			projectDirPath = "";
			projectRoot = "";
			targets = (
				2A0A656C1C33DA7900BBA955 /* TestOneDemo */,
				2A0A65851C33DA7A00BBA955 /* TestOneDemoTests */,
				2A0A65901C33DA7A00BBA955 /* TestOneDemoUITests */,
			);
		};
/* End PBXProject section */

/* Begin PBXResourcesBuildPhase section */
		2A0A656B1C33DA7900BBA955 /* Resources */ = {
			isa = PBXResourcesBuildPhase;
			buildActionMask = 2147483647;
			files = (
				2A0A657D1C33DA7900BBA955 /* Assets.xcassets in Resources */,
			);
			runOnlyForDeploymentPostprocessing = 0;
		};
		2A0A65841C33DA7A00BBA955 /* Resources */ = {
			isa = PBXResourcesBuildPhase;
			buildActionMask = 2147483647;
			files = (
			);
			runOnlyForDeploymentPostprocessing = 0;
		};
		2A0A658F1C33DA7A00BBA955 /* Resources */ = {
			isa = PBXResourcesBuildPhase;
			buildActionMask = 2147483647;
			files = (
			);
			runOnlyForDeploymentPostprocessing = 0;
		};
/* End PBXResourcesBuildPhase section */

/* Begin PBXShellScriptBuildPhase section */
		7B774CD91DC6C02109E84394 /* [CP] Copy Pods Resources */ = {
			isa = PBXShellScriptBuildPhase;
			buildActionMask = 2147483647;
			files = (
			);
			inputPaths = (
			);
			name = "[CP] Copy Pods Resources";
			outputPaths = (
			);
			runOnlyForDeploymentPostprocessing = 0;
			shellPath = /bin/sh;
			shellScript = "\"${SRCROOT}/Pods/Target Support Files/Pods-TestOneDemo/Pods-TestOneDemo-resources.sh\"\n";
			showEnvVarsInLog = 0;
		};
		9D7784E26425A540FBA1E938 /* [CP] Embed Pods Frameworks */ = {
			isa = PBXShellScriptBuildPhase;
			buildActionMask = 2147483647;
			files = (
			);
			inputPaths = (
			);
			name = "[CP] Embed Pods Frameworks";
			outputPaths = (
			);
			runOnlyForDeploymentPostprocessing = 0;
			shellPath = /bin/sh;
			shellScript = "\"${SRCROOT}/Pods/Target Support Files/Pods-TestOneDemo/Pods-TestOneDemo-frameworks.sh\"\n";
			showEnvVarsInLog = 0;
		};
		D27C3648F12C571915D28F79 /* [CP] Check Pods Manifest.lock */ = {
			isa = PBXShellScriptBuildPhase;
			buildActionMask = 2147483647;
			files = (
			);
			inputPaths = (
			);
			name = "[CP] Check Pods Manifest.lock";
			outputPaths = (
			);
			runOnlyForDeploymentPostprocessing = 0;
			shellPath = /bin/sh;
			shellScript = "diff \"${PODS_ROOT}/../Podfile.lock\" \"${PODS_ROOT}/Manifest.lock\" > /dev/null\nif [[ $? != 0 ]] ; then\n    cat << EOM\nerror: The sandbox is not in sync with the Podfile.lock. Run 'pod install' or update your CocoaPods installation.\nEOM\n    exit 1\nfi\n";
			showEnvVarsInLog = 0;
		};
/* End PBXShellScriptBuildPhase section */

/* Begin PBXSourcesBuildPhase section */
		2A0A65691C33DA7900BBA955 /* Sources */ = {
			isa = PBXSourcesBuildPhase;
			buildActionMask = 2147483647;
			files = (
				2AB29C891CBF3E1F0058F95F /* CommonFunc.m in Sources */,
				B10303A41D40BB3C00BF56C4 /* ScrollViewLayout.swift in Sources */,
				2A0C2A581C915A0D00159473 /* MianViewController.m in Sources */,
				2A0A65781C33DA7900BBA955 /* FirstViewController.m in Sources */,
				2AB29C8F1CC7694C0058F95F /* MyTableViewController.m in Sources */,
				2AB29C801CBF35680058F95F /* CheckResultView.m in Sources */,
				2AB29C7F1CBF35680058F95F /* LoginInputView.m in Sources */,
				2AE0938B1C9FF78200457301 /* TestTextField.m in Sources */,
				2A0A65751C33DA7900BBA955 /* AppDelegate.m in Sources */,
				2AA5881C1CBDF28F0013DE51 /* TextfieldViewController.m in Sources */,
				2ABD2B391C97E4390066ACA5 /* TouchIDViewController.m in Sources */,
				2AB29C861CBF3B030058F95F /* UIColor+Hex.m in Sources */,
				2A0A65721C33DA7900BBA955 /* main.m in Sources */,
				2A0C2A5A1C915EA100159473 /* TwoViewController.swift in Sources */,
			);
			runOnlyForDeploymentPostprocessing = 0;
		};
		2A0A65821C33DA7A00BBA955 /* Sources */ = {
			isa = PBXSourcesBuildPhase;
			buildActionMask = 2147483647;
			files = (
				2A0A658B1C33DA7A00BBA955 /* TestOneDemoTests.m in Sources */,
			);
			runOnlyForDeploymentPostprocessing = 0;
		};
		2A0A658D1C33DA7A00BBA955 /* Sources */ = {
			isa = PBXSourcesBuildPhase;
			buildActionMask = 2147483647;
			files = (
				2A0A65961C33DA7A00BBA955 /* TestOneDemoUITests.m in Sources */,
			);
			runOnlyForDeploymentPostprocessing = 0;
		};
/* End PBXSourcesBuildPhase section */

/* Begin PBXTargetDependency section */
		2A0A65881C33DA7A00BBA955 /* PBXTargetDependency */ = {
			isa = PBXTargetDependency;
			target = 2A0A656C1C33DA7900BBA955 /* TestOneDemo */;
			targetProxy = 2A0A65871C33DA7A00BBA955 /* PBXContainerItemProxy */;
		};
		2A0A65931C33DA7A00BBA955 /* PBXTargetDependency */ = {
			isa = PBXTargetDependency;
			target = 2A0A656C1C33DA7900BBA955 /* TestOneDemo */;
			targetProxy = 2A0A65921C33DA7A00BBA955 /* PBXContainerItemProxy */;
		};
/* End PBXTargetDependency section */

/* Begin XCBuildConfiguration section */
		2A0A65981C33DA7A00BBA955 /* Debug */ = {
			isa = XCBuildConfiguration;
			buildSettings = {
				ALWAYS_SEARCH_USER_PATHS = NO;
				CLANG_CXX_LANGUAGE_STANDARD = "gnu++0x";
				CLANG_CXX_LIBRARY = "libc++";
				CLANG_ENABLE_MODULES = YES;
				CLANG_ENABLE_OBJC_ARC = YES;
				CLANG_WARN_BOOL_CONVERSION = YES;
				CLANG_WARN_CONSTANT_CONVERSION = YES;
				CLANG_WARN_DIRECT_OBJC_ISA_USAGE = YES_ERROR;
				CLANG_WARN_EMPTY_BODY = YES;
				CLANG_WARN_ENUM_CONVERSION = YES;
				CLANG_WARN_INT_CONVERSION = YES;
				CLANG_WARN_OBJC_ROOT_CLASS = YES_ERROR;
				CLANG_WARN_UNREACHABLE_CODE = YES;
				CLANG_WARN__DUPLICATE_METHOD_MATCH = YES;
				"CODE_SIGN_IDENTITY[sdk=iphoneos*]" = "iPhone Developer";
				COPY_PHASE_STRIP = NO;
				DEBUG_INFORMATION_FORMAT = dwarf;
				ENABLE_STRICT_OBJC_MSGSEND = YES;
				ENABLE_TESTABILITY = YES;
				GCC_C_LANGUAGE_STANDARD = gnu99;
				GCC_DYNAMIC_NO_PIC = NO;
				GCC_NO_COMMON_BLOCKS = YES;
				GCC_OPTIMIZATION_LEVEL = 0;
				GCC_PREPROCESSOR_DEFINITIONS = (
					"DEBUG=1",
					"$(inherited)",
				);
				GCC_WARN_64_TO_32_BIT_CONVERSION = YES;
				GCC_WARN_ABOUT_RETURN_TYPE = YES_ERROR;
				GCC_WARN_UNDECLARED_SELECTOR = YES;
				GCC_WARN_UNINITIALIZED_AUTOS = YES_AGGRESSIVE;
				GCC_WARN_UNUSED_FUNCTION = YES;
				GCC_WARN_UNUSED_VARIABLE = YES;
				IPHONEOS_DEPLOYMENT_TARGET = 9.2;
				MTL_ENABLE_DEBUG_INFO = YES;
				ONLY_ACTIVE_ARCH = YES;
				SDKROOT = iphoneos;
			};
			name = Debug;
		};
		2A0A65991C33DA7A00BBA955 /* Release */ = {
			isa = XCBuildConfiguration;
			buildSettings = {
				ALWAYS_SEARCH_USER_PATHS = NO;
				CLANG_CXX_LANGUAGE_STANDARD = "gnu++0x";
				CLANG_CXX_LIBRARY = "libc++";
				CLANG_ENABLE_MODULES = YES;
				CLANG_ENABLE_OBJC_ARC = YES;
				CLANG_WARN_BOOL_CONVERSION = YES;
				CLANG_WARN_CONSTANT_CONVERSION = YES;
				CLANG_WARN_DIRECT_OBJC_ISA_USAGE = YES_ERROR;
				CLANG_WARN_EMPTY_BODY = YES;
				CLANG_WARN_ENUM_CONVERSION = YES;
				CLANG_WARN_INT_CONVERSION = YES;
				CLANG_WARN_OBJC_ROOT_CLASS = YES_ERROR;
				CLANG_WARN_UNREACHABLE_CODE = YES;
				CLANG_WARN__DUPLICATE_METHOD_MATCH = YES;
				"CODE_SIGN_IDENTITY[sdk=iphoneos*]" = "iPhone Developer";
				COPY_PHASE_STRIP = NO;
				DEBUG_INFORMATION_FORMAT = "dwarf-with-dsym";
				ENABLE_NS_ASSERTIONS = NO;
				ENABLE_STRICT_OBJC_MSGSEND = YES;
				GCC_C_LANGUAGE_STANDARD = gnu99;
				GCC_NO_COMMON_BLOCKS = YES;
				GCC_WARN_64_TO_32_BIT_CONVERSION = YES;
				GCC_WARN_ABOUT_RETURN_TYPE = YES_ERROR;
				GCC_WARN_UNDECLARED_SELECTOR = YES;
				GCC_WARN_UNINITIALIZED_AUTOS = YES_AGGRESSIVE;
				GCC_WARN_UNUSED_FUNCTION = YES;
				GCC_WARN_UNUSED_VARIABLE = YES;
				IPHONEOS_DEPLOYMENT_TARGET = 9.2;
				MTL_ENABLE_DEBUG_INFO = NO;
				SDKROOT = iphoneos;
				VALIDATE_PRODUCT = YES;
			};
			name = Release;
		};
		2A0A659B1C33DA7A00BBA955 /* Debug */ = {
			isa = XCBuildConfiguration;
			baseConfigurationReference = 361E5E4B1077AE0C28387DDD /* Pods-TestOneDemo.debug.xcconfig */;
			buildSettings = {
				ASSETCATALOG_COMPILER_APPICON_NAME = AppIcon;
				CLANG_ENABLE_MODULES = YES;
				CODE_SIGN_IDENTITY = "iPhone Developer";
				"CODE_SIGN_IDENTITY[sdk=iphoneos*]" = "iPhone Developer";
				DEFINES_MODULE = YES;
				INFOPLIST_FILE = TestOneDemo/Info.plist;
				LD_RUNPATH_SEARCH_PATHS = "$(inherited) @executable_path/Frameworks";
				PRODUCT_BUNDLE_IDENTIFIER = "Phyllis-yuu.TestOneDemo";
				PRODUCT_NAME = "$(TARGET_NAME)";
				PROVISIONING_PROFILE = "";
				SWIFT_OBJC_BRIDGING_HEADER = "TestOneDemo/TestOneDemo-Bridging-Header.h";
				SWIFT_OPTIMIZATION_LEVEL = "-Onone";
			};
			name = Debug;
		};
		2A0A659C1C33DA7A00BBA955 /* Release */ = {
			isa = XCBuildConfiguration;
			baseConfigurationReference = AA51DAD0854D6C97D01D006D /* Pods-TestOneDemo.release.xcconfig */;
			buildSettings = {
				ASSETCATALOG_COMPILER_APPICON_NAME = AppIcon;
				CLANG_ENABLE_MODULES = YES;
				CODE_SIGN_IDENTITY = "iPhone Developer";
				"CODE_SIGN_IDENTITY[sdk=iphoneos*]" = "iPhone Developer";
				DEFINES_MODULE = YES;
				INFOPLIST_FILE = TestOneDemo/Info.plist;
				LD_RUNPATH_SEARCH_PATHS = "$(inherited) @executable_path/Frameworks";
				PRODUCT_BUNDLE_IDENTIFIER = "Phyllis-yuu.TestOneDemo";
				PRODUCT_NAME = "$(TARGET_NAME)";
				PROVISIONING_PROFILE = "";
				SWIFT_OBJC_BRIDGING_HEADER = "TestOneDemo/TestOneDemo-Bridging-Header.h";
			};
			name = Release;
		};
		2A0A659E1C33DA7A00BBA955 /* Debug */ = {
			isa = XCBuildConfiguration;
			buildSettings = {
				BUNDLE_LOADER = "$(TEST_HOST)";
				INFOPLIST_FILE = TestOneDemoTests/Info.plist;
				LD_RUNPATH_SEARCH_PATHS = "$(inherited) @executable_path/Frameworks @loader_path/Frameworks";
				PRODUCT_BUNDLE_IDENTIFIER = "Phyllis-yuu.TestOneDemoTests";
				PRODUCT_NAME = "$(TARGET_NAME)";
				TEST_HOST = "$(BUILT_PRODUCTS_DIR)/TestOneDemo.app/TestOneDemo";
			};
			name = Debug;
		};
		2A0A659F1C33DA7A00BBA955 /* Release */ = {
			isa = XCBuildConfiguration;
			buildSettings = {
				BUNDLE_LOADER = "$(TEST_HOST)";
				INFOPLIST_FILE = TestOneDemoTests/Info.plist;
				LD_RUNPATH_SEARCH_PATHS = "$(inherited) @executable_path/Frameworks @loader_path/Frameworks";
				PRODUCT_BUNDLE_IDENTIFIER = "Phyllis-yuu.TestOneDemoTests";
				PRODUCT_NAME = "$(TARGET_NAME)";
				TEST_HOST = "$(BUILT_PRODUCTS_DIR)/TestOneDemo.app/TestOneDemo";
			};
			name = Release;
		};
		2A0A65A11C33DA7A00BBA955 /* Debug */ = {
			isa = XCBuildConfiguration;
			buildSettings = {
				INFOPLIST_FILE = TestOneDemoUITests/Info.plist;
				LD_RUNPATH_SEARCH_PATHS = "$(inherited) @executable_path/Frameworks @loader_path/Frameworks";
				PRODUCT_BUNDLE_IDENTIFIER = "Phyllis-yuu.TestOneDemoUITests";
				PRODUCT_NAME = "$(TARGET_NAME)";
				TEST_TARGET_NAME = TestOneDemo;
				USES_XCTRUNNER = YES;
			};
			name = Debug;
		};
		2A0A65A21C33DA7A00BBA955 /* Release */ = {
			isa = XCBuildConfiguration;
			buildSettings = {
				INFOPLIST_FILE = TestOneDemoUITests/Info.plist;
				LD_RUNPATH_SEARCH_PATHS = "$(inherited) @executable_path/Frameworks @loader_path/Frameworks";
				PRODUCT_BUNDLE_IDENTIFIER = "Phyllis-yuu.TestOneDemoUITests";
				PRODUCT_NAME = "$(TARGET_NAME)";
				TEST_TARGET_NAME = TestOneDemo;
				USES_XCTRUNNER = YES;
			};
			name = Release;
		};
/* End XCBuildConfiguration section */

/* Begin XCConfigurationList section */
		2A0A65681C33DA7900BBA955 /* Build configuration list for PBXProject "TestOneDemo" */ = {
			isa = XCConfigurationList;
			buildConfigurations = (
				2A0A65981C33DA7A00BBA955 /* Debug */,
				2A0A65991C33DA7A00BBA955 /* Release */,
			);
			defaultConfigurationIsVisible = 0;
			defaultConfigurationName = Release;
		};
		2A0A659A1C33DA7A00BBA955 /* Build configuration list for PBXNativeTarget "TestOneDemo" */ = {
			isa = XCConfigurationList;
			buildConfigurations = (
				2A0A659B1C33DA7A00BBA955 /* Debug */,
				2A0A659C1C33DA7A00BBA955 /* Release */,
			);
			defaultConfigurationIsVisible = 0;
			defaultConfigurationName = Release;
		};
		2A0A659D1C33DA7A00BBA955 /* Build configuration list for PBXNativeTarget "TestOneDemoTests" */ = {
			isa = XCConfigurationList;
			buildConfigurations = (
				2A0A659E1C33DA7A00BBA955 /* Debug */,
				2A0A659F1C33DA7A00BBA955 /* Release */,
			);
			defaultConfigurationIsVisible = 0;
			defaultConfigurationName = Release;
		};
		2A0A65A01C33DA7A00BBA955 /* Build configuration list for PBXNativeTarget "TestOneDemoUITests" */ = {
			isa = XCConfigurationList;
			buildConfigurations = (
				2A0A65A11C33DA7A00BBA955 /* Debug */,
				2A0A65A21C33DA7A00BBA955 /* Release */,
			);
			defaultConfigurationIsVisible = 0;
			defaultConfigurationName = Release;
		};
/* End XCConfigurationList section */
	};
	rootObject = 2A0A65651C33DA7900BBA955 /* Project object */;
}
