// !$*UTF8*$!
{
	archiveVersion = 1;
	classes = {
	};
	objectVersion = 46;
	objects = {

/* Begin PBXBuildFile section */
		2A0A65721C33DA7900BBA955 /* main.m in Sources */ = {isa = PBXBuildFile; fileRef = 2A0A65711C33DA7900BBA955 /* main.m */; };
		2A0A65751C33DA7900BBA955 /* AppDelegate.m in Sources */ = {isa = PBXBuildFile; fileRef = 2A0A65741C33DA7900BBA955 /* AppDelegate.m */; };
		2A0A65781C33DA7900BBA955 /* FirstViewController.m in Sources */ = {isa = PBXBuildFile; fileRef = 2A0A65771C33DA7900BBA955 /* FirstViewController.m */; };
		2A0A657D1C33DA7900BBA955 /* Assets.xcassets in Resources */ = {isa = PBXBuildFile; fileRef = 2A0A657C1C33DA7900BBA955 /* Assets.xcassets */; };
		2A0A658B1C33DA7A00BBA955 /* TestOneDemoTests.m in Sources */ = {isa = PBXBuildFile; fileRef = 2A0A658A1C33DA7A00BBA955 /* TestOneDemoTests.m */; };
		2A0A65961C33DA7A00BBA955 /* TestOneDemoUITests.m in Sources */ = {isa = PBXBuildFile; fileRef = 2A0A65951C33DA7A00BBA955 /* TestOneDemoUITests.m */; };
		2A0C2A581C915A0D00159473 /* MianViewController.m in Sources */ = {isa = PBXBuildFile; fileRef = 2A0C2A571C915A0D00159473 /* MianViewController.m */; };
		2A0C2A5A1C915EA100159473 /* TwoViewController.swift in Sources */ = {isa = PBXBuildFile; fileRef = 2A0C2A591C915EA100159473 /* TwoViewController.swift */; };
		2A0C2A641C92BF4F00159473 /* UINavigationController+FDFullscreenPopGesture.m in Sources */ = {isa = PBXBuildFile; fileRef = 2A0C2A631C92BF4F00159473 /* UINavigationController+FDFullscreenPopGesture.m */; };
/* End PBXBuildFile section */

/* Begin PBXContainerItemProxy section */
		2A0A65871C33DA7A00BBA955 /* PBXContainerItemProxy */ = {
			isa = PBXContainerItemProxy;
			containerPortal = 2A0A65651C33DA7900BBA955 /* Project object */;
			proxyType = 1;
			remoteGlobalIDString = 2A0A656C1C33DA7900BBA955;
			remoteInfo = TestOneDemo;
		};
		2A0A65921C33DA7A00BBA955 /* PBXContainerItemProxy */ = {
			isa = PBXContainerItemProxy;
			containerPortal = 2A0A65651C33DA7900BBA955 /* Project object */;
			proxyType = 1;
			remoteGlobalIDString = 2A0A656C1C33DA7900BBA955;
			remoteInfo = TestOneDemo;
		};
/* End PBXContainerItemProxy section */

/* Begin PBXFileReference section */
		2A0A4E1E1C843EC300959812 /* TestOneDemo-Bridging-Header.h */ = {isa = PBXFileReference; lastKnownFileType = sourcecode.c.h; path = "TestOneDemo-Bridging-Header.h"; sourceTree = "<group>"; };
		2A0A656D1C33DA7900BBA955 /* TestOneDemo.app */ = {isa = PBXFileReference; explicitFileType = wrapper.application; includeInIndex = 0; path = TestOneDemo.app; sourceTree = BUILT_PRODUCTS_DIR; };
		2A0A65711C33DA7900BBA955 /* main.m */ = {isa = PBXFileReference; lastKnownFileType = sourcecode.c.objc; path = main.m; sourceTree = "<group>"; };
		2A0A65731C33DA7900BBA955 /* AppDelegate.h */ = {isa = PBXFileReference; lastKnownFileType = sourcecode.c.h; path = AppDelegate.h; sourceTree = "<group>"; };
		2A0A65741C33DA7900BBA955 /* AppDelegate.m */ = {isa = PBXFileReference; lastKnownFileType = sourcecode.c.objc; path = AppDelegate.m; sourceTree = "<group>"; };
		2A0A65761C33DA7900BBA955 /* FirstViewController.h */ = {isa = PBXFileReference; lastKnownFileType = sourcecode.c.h; path = FirstViewController.h; sourceTree = "<group>"; };
		2A0A65771C33DA7900BBA955 /* FirstViewController.m */ = {isa = PBXFileReference; lastKnownFileType = sourcecode.c.objc; path = FirstViewController.m; sourceTree = "<group>"; };
		2A0A657C1C33DA7900BBA955 /* Assets.xcassets */ = {isa = PBXFileReference; lastKnownFileType = folder.assetcatalog; path = Assets.xcassets; sourceTree = "<group>"; };
		2A0A65811C33DA7A00BBA955 /* Info.plist */ = {isa = PBXFileReference; lastKnownFileType = text.plist.xml; path = Info.plist; sourceTree = "<group>"; };
		2A0A65861C33DA7A00BBA955 /* TestOneDemoTests.xctest */ = {isa = PBXFileReference; explicitFileType = wrapper.cfbundle; includeInIndex = 0; path = TestOneDemoTests.xctest; sourceTree = BUILT_PRODUCTS_DIR; };
		2A0A658A1C33DA7A00BBA955 /* TestOneDemoTests.m */ = {isa = PBXFileReference; lastKnownFileType = sourcecode.c.objc; path = TestOneDemoTests.m; sourceTree = "<group>"; };
		2A0A658C1C33DA7A00BBA955 /* Info.plist */ = {isa = PBXFileReference; lastKnownFileType = text.plist.xml; path = Info.plist; sourceTree = "<group>"; };
		2A0A65911C33DA7A00BBA955 /* TestOneDemoUITests.xctest */ = {isa = PBXFileReference; explicitFileType = wrapper.cfbundle; includeInIndex = 0; path = TestOneDemoUITests.xctest; sourceTree = BUILT_PRODUCTS_DIR; };
		2A0A65951C33DA7A00BBA955 /* TestOneDemoUITests.m */ = {isa = PBXFileReference; lastKnownFileType = sourcecode.c.objc; path = TestOneDemoUITests.m; sourceTree = "<group>"; };
		2A0A65971C33DA7A00BBA955 /* Info.plist */ = {isa = PBXFileReference; lastKnownFileType = text.plist.xml; path = Info.plist; sourceTree = "<group>"; };
		2A0C2A561C915A0D00159473 /* MianViewController.h */ = {isa = PBXFileReference; fileEncoding = 4; lastKnownFileType = sourcecode.c.h; path = MianViewController.h; sourceTree = "<group>"; };
		2A0C2A571C915A0D00159473 /* MianViewController.m */ = {isa = PBXFileReference; fileEncoding = 4; lastKnownFileType = sourcecode.c.objc; path = MianViewController.m; sourceTree = "<group>"; };
		2A0C2A591C915EA100159473 /* TwoViewController.swift */ = {isa = PBXFileReference; fileEncoding = 4; lastKnownFileType = sourcecode.swift; path = TwoViewController.swift; sourceTree = "<group>"; };
		2A0C2A621C92BF4F00159473 /* UINavigationController+FDFullscreenPopGesture.h */ = {isa = PBXFileReference; fileEncoding = 4; lastKnownFileType = sourcecode.c.h; path = "UINavigationController+FDFullscreenPopGesture.h"; sourceTree = "<group>"; };
		2A0C2A631C92BF4F00159473 /* UINavigationController+FDFullscreenPopGesture.m */ = {isa = PBXFileReference; fileEncoding = 4; lastKnownFileType = sourcecode.c.objc; path = "UINavigationController+FDFullscreenPopGesture.m"; sourceTree = "<group>"; };
/* End PBXFileReference section */

/* Begin PBXFrameworksBuildPhase section */
		2A0A656A1C33DA7900BBA955 /* Frameworks */ = {
			isa = PBXFrameworksBuildPhase;
			buildActionMask = 2147483647;
			files = (
			);
			runOnlyForDeploymentPostprocessing = 0;
		};
		2A0A65831C33DA7A00BBA955 /* Frameworks */ = {
			isa = PBXFrameworksBuildPhase;
			buildActionMask = 2147483647;
			files = (
			);
			runOnlyForDeploymentPostprocessing = 0;
		};
		2A0A658E1C33DA7A00BBA955 /* Frameworks */ = {
			isa = PBXFrameworksBuildPhase;
			buildActionMask = 2147483647;
			files = (
			);
			runOnlyForDeploymentPostprocessing = 0;
		};
/* End PBXFrameworksBuildPhase section */

/* Begin PBXGroup section */
		2A0A65641C33DA7900BBA955 = {
			isa = PBXGroup;
			children = (
				2A0A656F1C33DA7900BBA955 /* TestOneDemo */,
				2A0A65891C33DA7A00BBA955 /* TestOneDemoTests */,
				2A0A65941C33DA7A00BBA955 /* TestOneDemoUITests */,
				2A0A656E1C33DA7900BBA955 /* Products */,
			);
			sourceTree = "<group>";
		};
		2A0A656E1C33DA7900BBA955 /* Products */ = {
			isa = PBXGroup;
			children = (
				2A0A656D1C33DA7900BBA955 /* TestOneDemo.app */,
				2A0A65861C33DA7A00BBA955 /* TestOneDemoTests.xctest */,
				2A0A65911C33DA7A00BBA955 /* TestOneDemoUITests.xctest */,
			);
			name = Products;
			sourceTree = "<group>";
		};
		2A0A656F1C33DA7900BBA955 /* TestOneDemo */ = {
			isa = PBXGroup;
			children = (
				2A0A65731C33DA7900BBA955 /* AppDelegate.h */,
				2A0A65741C33DA7900BBA955 /* AppDelegate.m */,
				2A0C2A561C915A0D00159473 /* MianViewController.h */,
				2A0C2A571C915A0D00159473 /* MianViewController.m */,
				2A0A65761C33DA7900BBA955 /* FirstViewController.h */,
				2A0A65771C33DA7900BBA955 /* FirstViewController.m */,
				2A0C2A591C915EA100159473 /* TwoViewController.swift */,
				2A0C2A611C92BF4F00159473 /* FDFullscreenPopGesture */,
				2A0A657C1C33DA7900BBA955 /* Assets.xcassets */,
				2A0A65811C33DA7A00BBA955 /* Info.plist */,
				2A0A65701C33DA7900BBA955 /* Supporting Files */,
				2A0A4E1E1C843EC300959812 /* TestOneDemo-Bridging-Header.h */,
			);
			path = TestOneDemo;
			sourceTree = "<group>";
		};
		2A0A65701C33DA7900BBA955 /* Supporting Files */ = {
			isa = PBXGroup;
			children = (
				2A0A65711C33DA7900BBA955 /* main.m */,
			);
			name = "Supporting Files";
			sourceTree = "<group>";
		};
		2A0A65891C33DA7A00BBA955 /* TestOneDemoTests */ = {
			isa = PBXGroup;
			children = (
				2A0A658A1C33DA7A00BBA955 /* TestOneDemoTests.m */,
				2A0A658C1C33DA7A00BBA955 /* Info.plist */,
			);
			path = TestOneDemoTests;
			sourceTree = "<group>";
		};
		2A0A65941C33DA7A00BBA955 /* TestOneDemoUITests */ = {
			isa = PBXGroup;
			children = (
				2A0A65951C33DA7A00BBA955 /* TestOneDemoUITests.m */,
				2A0A65971C33DA7A00BBA955 /* Info.plist */,
			);
			path = TestOneDemoUITests;
			sourceTree = "<group>";
		};
		2A0C2A611C92BF4F00159473 /* FDFullscreenPopGesture */ = {
			isa = PBXGroup;
			children = (
				2A0C2A621C92BF4F00159473 /* UINavigationController+FDFullscreenPopGesture.h */,
				2A0C2A631C92BF4F00159473 /* UINavigationController+FDFullscreenPopGesture.m */,
			);
			path = FDFullscreenPopGesture;
			sourceTree = "<group>";
		};
/* End PBXGroup section */

/* Begin PBXNativeTarget section */
		2A0A656C1C33DA7900BBA955 /* TestOneDemo */ = {
			isa = PBXNativeTarget;
			buildConfigurationList = 2A0A659A1C33DA7A00BBA955 /* Build configuration list for PBXNativeTarget "TestOneDemo" */;
			buildPhases = (
				2A0A65691C33DA7900BBA955 /* Sources */,
				2A0A656A1C33DA7900BBA955 /* Frameworks */,
				2A0A656B1C33DA7900BBA955 /* Resources */,
			);
			buildRules = (
			);
			dependencies = (
			);
			name = TestOneDemo;
			productName = TestOneDemo;
			productReference = 2A0A656D1C33DA7900BBA955 /* TestOneDemo.app */;
			productType = "com.apple.product-type.application";
		};
		2A0A65851C33DA7A00BBA955 /* TestOneDemoTests */ = {
			isa = PBXNativeTarget;
			buildConfigurationList = 2A0A659D1C33DA7A00BBA955 /* Build configuration list for PBXNativeTarget "TestOneDemoTests" */;
			buildPhases = (
				2A0A65821C33DA7A00BBA955 /* Sources */,
				2A0A65831C33DA7A00BBA955 /* Frameworks */,
				2A0A65841C33DA7A00BBA955 /* Resources */,
			);
			buildRules = (
			);
			dependencies = (
				2A0A65881C33DA7A00BBA955 /* PBXTargetDependency */,
			);
			name = TestOneDemoTests;
			productName = TestOneDemoTests;
			productReference = 2A0A65861C33DA7A00BBA955 /* TestOneDemoTests.xctest */;
			productType = "com.apple.product-type.bundle.unit-test";
		};
		2A0A65901C33DA7A00BBA955 /* TestOneDemoUITests */ = {
			isa = PBXNativeTarget;
			buildConfigurationList = 2A0A65A01C33DA7A00BBA955 /* Build configuration list for PBXNativeTarget "TestOneDemoUITests" */;
			buildPhases = (
				2A0A658D1C33DA7A00BBA955 /* Sources */,
				2A0A658E1C33DA7A00BBA955 /* Frameworks */,
				2A0A658F1C33DA7A00BBA955 /* Resources */,
			);
			buildRules = (
			);
			dependencies = (
				2A0A65931C33DA7A00BBA955 /* PBXTargetDependency */,
			);
			name = TestOneDemoUITests;
			productName = TestOneDemoUITests;
			productReference = 2A0A65911C33DA7A00BBA955 /* TestOneDemoUITests.xctest */;
			productType = "com.apple.product-type.bundle.ui-testing";
		};
/* End PBXNativeTarget section */

/* Begin PBXProject section */
		2A0A65651C33DA7900BBA955 /* Project object */ = {
			isa = PBXProject;
			attributes = {
				LastUpgradeCheck = 0720;
				ORGANIZATIONNAME = Phyllis;
				TargetAttributes = {
					2A0A656C1C33DA7900BBA955 = {
						CreatedOnToolsVersion = 7.2;
					};
					2A0A65851C33DA7A00BBA955 = {
						CreatedOnToolsVersion = 7.2;
						TestTargetID = 2A0A656C1C33DA7900BBA955;
					};
					2A0A65901C33DA7A00BBA955 = {
						CreatedOnToolsVersion = 7.2;
						TestTargetID = 2A0A656C1C33DA7900BBA955;
					};
				};
			};
			buildConfigurationList = 2A0A65681C33DA7900BBA955 /* Build configuration list for PBXProject "TestOneDemo" */;
			compatibilityVersion = "Xcode 3.2";
			developmentRegion = English;
			hasScannedForEncodings = 0;
			knownRegions = (
				en,
				Base,
			);
			mainGroup = 2A0A65641C33DA7900BBA955;
			productRefGroup = 2A0A656E1C33DA7900BBA955 /* Products */;
			projectDirPath = "";
			projectRoot = "";
			targets = (
				2A0A656C1C33DA7900BBA955 /* TestOneDemo */,
				2A0A65851C33DA7A00BBA955 /* TestOneDemoTests */,
				2A0A65901C33DA7A00BBA955 /* TestOneDemoUITests */,
			);
		};
/* End PBXProject section */

/* Begin PBXResourcesBuildPhase section */
		2A0A656B1C33DA7900BBA955 /* Resources */ = {
			isa = PBXResourcesBuildPhase;
			buildActionMask = 2147483647;
			files = (
				2A0A657D1C33DA7900BBA955 /* Assets.xcassets in Resources */,
			);
			runOnlyForDeploymentPostprocessing = 0;
		};
		2A0A65841C33DA7A00BBA955 /* Resources */ = {
			isa = PBXResourcesBuildPhase;
			buildActionMask = 2147483647;
			files = (
			);
			runOnlyForDeploymentPostprocessing = 0;
		};
		2A0A658F1C33DA7A00BBA955 /* Resources */ = {
			isa = PBXResourcesBuildPhase;
			buildActionMask = 2147483647;
			files = (
			);
			runOnlyForDeploymentPostprocessing = 0;
		};
/* End PBXResourcesBuildPhase section */

/* Begin PBXSourcesBuildPhase section */
		2A0A65691C33DA7900BBA955 /* Sources */ = {
			isa = PBXSourcesBuildPhase;
			buildActionMask = 2147483647;
			files = (
				2A0C2A641C92BF4F00159473 /* UINavigationController+FDFullscreenPopGesture.m in Sources */,
				2A0C2A581C915A0D00159473 /* MianViewController.m in Sources */,
				2A0A65781C33DA7900BBA955 /* FirstViewController.m in Sources */,
				2A0A65751C33DA7900BBA955 /* AppDelegate.m in Sources */,
				2A0A65721C33DA7900BBA955 /* main.m in Sources */,
				2A0C2A5A1C915EA100159473 /* TwoViewController.swift in Sources */,
			);
			runOnlyForDeploymentPostprocessing = 0;
		};
		2A0A65821C33DA7A00BBA955 /* Sources */ = {
			isa = PBXSourcesBuildPhase;
			buildActionMask = 2147483647;
			files = (
				2A0A658B1C33DA7A00BBA955 /* TestOneDemoTests.m in Sources */,
			);
			runOnlyForDeploymentPostprocessing = 0;
		};
		2A0A658D1C33DA7A00BBA955 /* Sources */ = {
			isa = PBXSourcesBuildPhase;
			buildActionMask = 2147483647;
			files = (
				2A0A65961C33DA7A00BBA955 /* TestOneDemoUITests.m in Sources */,
			);
			runOnlyForDeploymentPostprocessing = 0;
		};
/* End PBXSourcesBuildPhase section */

/* Begin PBXTargetDependency section */
		2A0A65881C33DA7A00BBA955 /* PBXTargetDependency */ = {
			isa = PBXTargetDependency;
			target = 2A0A656C1C33DA7900BBA955 /* TestOneDemo */;
			targetProxy = 2A0A65871C33DA7A00BBA955 /* PBXContainerItemProxy */;
		};
		2A0A65931C33DA7A00BBA955 /* PBXTargetDependency */ = {
			isa = PBXTargetDependency;
			target = 2A0A656C1C33DA7900BBA955 /* TestOneDemo */;
			targetProxy = 2A0A65921C33DA7A00BBA955 /* PBXContainerItemProxy */;
		};
/* End PBXTargetDependency section */

/* Begin XCBuildConfiguration section */
		2A0A65981C33DA7A00BBA955 /* Debug */ = {
			isa = XCBuildConfiguration;
			buildSettings = {
				ALWAYS_SEARCH_USER_PATHS = NO;
				CLANG_CXX_LANGUAGE_STANDARD = "gnu++0x";
				CLANG_CXX_LIBRARY = "libc++";
				CLANG_ENABLE_MODULES = YES;
				CLANG_ENABLE_OBJC_ARC = YES;
				CLANG_WARN_BOOL_CONVERSION = YES;
				CLANG_WARN_CONSTANT_CONVERSION = YES;
				CLANG_WARN_DIRECT_OBJC_ISA_USAGE = YES_ERROR;
				CLANG_WARN_EMPTY_BODY = YES;
				CLANG_WARN_ENUM_CONVERSION = YES;
				CLANG_WARN_INT_CONVERSION = YES;
				CLANG_WARN_OBJC_ROOT_CLASS = YES_ERROR;
				CLANG_WARN_UNREACHABLE_CODE = YES;
				CLANG_WARN__DUPLICATE_METHOD_MATCH = YES;
				"CODE_SIGN_IDENTITY[sdk=iphoneos*]" = "iPhone Developer";
				COPY_PHASE_STRIP = NO;
				DEBUG_INFORMATION_FORMAT = dwarf;
				ENABLE_STRICT_OBJC_MSGSEND = YES;
				ENABLE_TESTABILITY = YES;
				GCC_C_LANGUAGE_STANDARD = gnu99;
				GCC_DYNAMIC_NO_PIC = NO;
				GCC_NO_COMMON_BLOCKS = YES;
				GCC_OPTIMIZATION_LEVEL = 0;
				GCC_PREPROCESSOR_DEFINITIONS = (
					"DEBUG=1",
					"$(inherited)",
				);
				GCC_WARN_64_TO_32_BIT_CONVERSION = YES;
				GCC_WARN_ABOUT_RETURN_TYPE = YES_ERROR;
				GCC_WARN_UNDECLARED_SELECTOR = YES;
				GCC_WARN_UNINITIALIZED_AUTOS = YES_AGGRESSIVE;
				GCC_WARN_UNUSED_FUNCTION = YES;
				GCC_WARN_UNUSED_VARIABLE = YES;
				IPHONEOS_DEPLOYMENT_TARGET = 9.2;
				MTL_ENABLE_DEBUG_INFO = YES;
				ONLY_ACTIVE_ARCH = YES;
				SDKROOT = iphoneos;
			};
			name = Debug;
		};
		2A0A65991C33DA7A00BBA955 /* Release */ = {
			isa = XCBuildConfiguration;
			buildSettings = {
				ALWAYS_SEARCH_USER_PATHS = NO;
				CLANG_CXX_LANGUAGE_STANDARD = "gnu++0x";
				CLANG_CXX_LIBRARY = "libc++";
				CLANG_ENABLE_MODULES = YES;
				CLANG_ENABLE_OBJC_ARC = YES;
				CLANG_WARN_BOOL_CONVERSION = YES;
				CLANG_WARN_CONSTANT_CONVERSION = YES;
				CLANG_WARN_DIRECT_OBJC_ISA_USAGE = YES_ERROR;
				CLANG_WARN_EMPTY_BODY = YES;
				CLANG_WARN_ENUM_CONVERSION = YES;
				CLANG_WARN_INT_CONVERSION = YES;
				CLANG_WARN_OBJC_ROOT_CLASS = YES_ERROR;
				CLANG_WARN_UNREACHABLE_CODE = YES;
				CLANG_WARN__DUPLICATE_METHOD_MATCH = YES;
				"CODE_SIGN_IDENTITY[sdk=iphoneos*]" = "iPhone Developer";
				COPY_PHASE_STRIP = NO;
				DEBUG_INFORMATION_FORMAT = "dwarf-with-dsym";
				ENABLE_NS_ASSERTIONS = NO;
				ENABLE_STRICT_OBJC_MSGSEND = YES;
				GCC_C_LANGUAGE_STANDARD = gnu99;
				GCC_NO_COMMON_BLOCKS = YES;
				GCC_WARN_64_TO_32_BIT_CONVERSION = YES;
				GCC_WARN_ABOUT_RETURN_TYPE = YES_ERROR;
				GCC_WARN_UNDECLARED_SELECTOR = YES;
				GCC_WARN_UNINITIALIZED_AUTOS = YES_AGGRESSIVE;
				GCC_WARN_UNUSED_FUNCTION = YES;
				GCC_WARN_UNUSED_VARIABLE = YES;
				IPHONEOS_DEPLOYMENT_TARGET = 9.2;
				MTL_ENABLE_DEBUG_INFO = NO;
				SDKROOT = iphoneos;
				VALIDATE_PRODUCT = YES;
			};
			name = Release;
		};
		2A0A659B1C33DA7A00BBA955 /* Debug */ = {
			isa = XCBuildConfiguration;
			buildSettings = {
				ASSETCATALOG_COMPILER_APPICON_NAME = AppIcon;
				CLANG_ENABLE_MODULES = YES;
				DEFINES_MODULE = YES;
				INFOPLIST_FILE = TestOneDemo/Info.plist;
				LD_RUNPATH_SEARCH_PATHS = "$(inherited) @executable_path/Frameworks";
				PRODUCT_BUNDLE_IDENTIFIER = "Phyllis-yuu.TestOneDemo";
				PRODUCT_NAME = "$(TARGET_NAME)";
				SWIFT_OBJC_BRIDGING_HEADER = "TestOneDemo/TestOneDemo-Bridging-Header.h";
				SWIFT_OPTIMIZATION_LEVEL = "-Onone";
			};
			name = Debug;
		};
		2A0A659C1C33DA7A00BBA955 /* Release */ = {
			isa = XCBuildConfiguration;
			buildSettings = {
				ASSETCATALOG_COMPILER_APPICON_NAME = AppIcon;
				CLANG_ENABLE_MODULES = YES;
				DEFINES_MODULE = YES;
				INFOPLIST_FILE = TestOneDemo/Info.plist;
				LD_RUNPATH_SEARCH_PATHS = "$(inherited) @executable_path/Frameworks";
				PRODUCT_BUNDLE_IDENTIFIER = "Phyllis-yuu.TestOneDemo";
				PRODUCT_NAME = "$(TARGET_NAME)";
				SWIFT_OBJC_BRIDGING_HEADER = "TestOneDemo/TestOneDemo-Bridging-Header.h";
			};
			name = Release;
		};
		2A0A659E1C33DA7A00BBA955 /* Debug */ = {
			isa = XCBuildConfiguration;
			buildSettings = {
				BUNDLE_LOADER = "$(TEST_HOST)";
				INFOPLIST_FILE = TestOneDemoTests/Info.plist;
				LD_RUNPATH_SEARCH_PATHS = "$(inherited) @executable_path/Frameworks @loader_path/Frameworks";
				PRODUCT_BUNDLE_IDENTIFIER = "Phyllis-yuu.TestOneDemoTests";
				PRODUCT_NAME = "$(TARGET_NAME)";
				TEST_HOST = "$(BUILT_PRODUCTS_DIR)/TestOneDemo.app/TestOneDemo";
			};
			name = Debug;
		};
		2A0A659F1C33DA7A00BBA955 /* Release */ = {
			isa = XCBuildConfiguration;
			buildSettings = {
				BUNDLE_LOADER = "$(TEST_HOST)";
				INFOPLIST_FILE = TestOneDemoTests/Info.plist;
				LD_RUNPATH_SEARCH_PATHS = "$(inherited) @executable_path/Frameworks @loader_path/Frameworks";
				PRODUCT_BUNDLE_IDENTIFIER = "Phyllis-yuu.TestOneDemoTests";
				PRODUCT_NAME = "$(TARGET_NAME)";
				TEST_HOST = "$(BUILT_PRODUCTS_DIR)/TestOneDemo.app/TestOneDemo";
			};
			name = Release;
		};
		2A0A65A11C33DA7A00BBA955 /* Debug */ = {
			isa = XCBuildConfiguration;
			buildSettings = {
				INFOPLIST_FILE = TestOneDemoUITests/Info.plist;
				LD_RUNPATH_SEARCH_PATHS = "$(inherited) @executable_path/Frameworks @loader_path/Frameworks";
				PRODUCT_BUNDLE_IDENTIFIER = "Phyllis-yuu.TestOneDemoUITests";
				PRODUCT_NAME = "$(TARGET_NAME)";
				TEST_TARGET_NAME = TestOneDemo;
				USES_XCTRUNNER = YES;
			};
			name = Debug;
		};
		2A0A65A21C33DA7A00BBA955 /* Release */ = {
			isa = XCBuildConfiguration;
			buildSettings = {
				INFOPLIST_FILE = TestOneDemoUITests/Info.plist;
				LD_RUNPATH_SEARCH_PATHS = "$(inherited) @executable_path/Frameworks @loader_path/Frameworks";
				PRODUCT_BUNDLE_IDENTIFIER = "Phyllis-yuu.TestOneDemoUITests";
				PRODUCT_NAME = "$(TARGET_NAME)";
				TEST_TARGET_NAME = TestOneDemo;
				USES_XCTRUNNER = YES;
			};
			name = Release;
		};
/* End XCBuildConfiguration section */

/* Begin XCConfigurationList section */
		2A0A65681C33DA7900BBA955 /* Build configuration list for PBXProject "TestOneDemo" */ = {
			isa = XCConfigurationList;
			buildConfigurations = (
				2A0A65981C33DA7A00BBA955 /* Debug */,
				2A0A65991C33DA7A00BBA955 /* Release */,
			);
			defaultConfigurationIsVisible = 0;
			defaultConfigurationName = Release;
		};
		2A0A659A1C33DA7A00BBA955 /* Build configuration list for PBXNativeTarget "TestOneDemo" */ = {
			isa = XCConfigurationList;
			buildConfigurations = (
				2A0A659B1C33DA7A00BBA955 /* Debug */,
				2A0A659C1C33DA7A00BBA955 /* Release */,
			);
			defaultConfigurationIsVisible = 0;
			defaultConfigurationName = Release;
		};
		2A0A659D1C33DA7A00BBA955 /* Build configuration list for PBXNativeTarget "TestOneDemoTests" */ = {
			isa = XCConfigurationList;
			buildConfigurations = (
				2A0A659E1C33DA7A00BBA955 /* Debug */,
				2A0A659F1C33DA7A00BBA955 /* Release */,
			);
			defaultConfigurationIsVisible = 0;
			defaultConfigurationName = Release;
		};
		2A0A65A01C33DA7A00BBA955 /* Build configuration list for PBXNativeTarget "TestOneDemoUITests" */ = {
			isa = XCConfigurationList;
			buildConfigurations = (
				2A0A65A11C33DA7A00BBA955 /* Debug */,
				2A0A65A21C33DA7A00BBA955 /* Release */,
			);
			defaultConfigurationIsVisible = 0;
			defaultConfigurationName = Release;
		};
/* End XCConfigurationList section */
	};
	rootObject = 2A0A65651C33DA7900BBA955 /* Project object */;
}
